
Microsoft Visual Studio Solution File, Format Version 12.00
# Visual Studio 15
VisualStudioVersion = 15.0.28010.2036
MinimumVisualStudioVersion = 10.0.40219.1
Project("{FAE04EC0-301F-11D3-BF4B-00C04F79EFBC}") = "KiranChat", "KiranChat\KiranChat.csproj", "{2B590EFF-3F20-46FE-8B3C-25CACB31EE19}"
EndProject
Global
	GlobalSection(SolutionConfigurationPlatforms) = preSolution
		Debug|Any CPU = Debug|Any CPU
		Release|Any CPU = Release|Any CPU
	EndGlobalSection
	GlobalSection(ProjectConfigurationPlatforms) = postSolution
		{2B590EFF-3F20-46FE-8B3C-25CACB31EE19}.Debug|Any CPU.ActiveCfg = Debug|Any CPU
		{2B590EFF-3F20-46FE-8B3C-25CACB31EE19}.Debug|Any CPU.Build.0 = Debug|Any CPU
		{2B590EFF-3F20-46FE-8B3C-25CACB31EE19}.Release|Any CPU.ActiveCfg = Release|Any CPU
		{2B590EFF-3F20-46FE-8B3C-25CACB31EE19}.Release|Any CPU.Build.0 = Release|Any CPU
	EndGlobalSection
	GlobalSection(SolutionProperties) = preSolution
		HideSolutionNode = FALSE
	EndGlobalSection
	GlobalSection(ExtensibilityGlobals) = postSolution
		SolutionGuid = {7801016B-BE71-4508-B206-623903130C05}
	EndGlobalSection
EndGlobal
